
Microsoft Visual Studio Solution File, Format Version 12.00
# Visual Studio 15
VisualStudioVersion = 15.0.27703.2042
MinimumVisualStudioVersion = 10.0.40219.1
Project("{9A19103F-16F7-4668-BE54-9A1E7A4F7556}") = "PetsPetsPets", "PetsPetsPets\PetsPetsPets.csproj", "{73628BA3-11AC-4860-ADD5-549985A84DFA}"
EndProject
Project("{FAE04EC0-301F-11D3-BF4B-00C04F79EFBC}") = "PetsPetsPets.Test", "PetsPetsPets.Test\PetsPetsPets.Test.csproj", "{8656B8D5-BD37-4FE0-827B-93B6EA29449C}"
EndProject
Global
	GlobalSection(SolutionConfigurationPlatforms) = preSolution
		Debug|Any CPU = Debug|Any CPU
		Release|Any CPU = Release|Any CPU
	EndGlobalSection
	GlobalSection(ProjectConfigurationPlatforms) = postSolution
		{73628BA3-11AC-4860-ADD5-549985A84DFA}.Debug|Any CPU.ActiveCfg = Debug|Any CPU
		{73628BA3-11AC-4860-ADD5-549985A84DFA}.Debug|Any CPU.Build.0 = Debug|Any CPU
		{73628BA3-11AC-4860-ADD5-549985A84DFA}.Release|Any CPU.ActiveCfg = Release|Any CPU
		{73628BA3-11AC-4860-ADD5-549985A84DFA}.Release|Any CPU.Build.0 = Release|Any CPU
		{8656B8D5-BD37-4FE0-827B-93B6EA29449C}.Debug|Any CPU.ActiveCfg = Debug|Any CPU
		{8656B8D5-BD37-4FE0-827B-93B6EA29449C}.Debug|Any CPU.Build.0 = Debug|Any CPU
		{8656B8D5-BD37-4FE0-827B-93B6EA29449C}.Release|Any CPU.ActiveCfg = Release|Any CPU
		{8656B8D5-BD37-4FE0-827B-93B6EA29449C}.Release|Any CPU.Build.0 = Release|Any CPU
	EndGlobalSection
	GlobalSection(SolutionProperties) = preSolution
		HideSolutionNode = FALSE
	EndGlobalSection
	GlobalSection(ExtensibilityGlobals) = postSolution
		SolutionGuid = {3950DA25-7BEC-483E-A00D-781C519AF430}
	EndGlobalSection
EndGlobal
